
Microsoft Visual Studio Solution File, Format Version 12.00
# Visual Studio Version 17
VisualStudioVersion = 17.1.32421.90
MinimumVisualStudioVersion = 10.0.40219.1
Project("{9A19103F-16F7-4668-BE54-9A1E7A4F7556}") = "portfolioServer", "portfolio\portfolioServer.csproj", "{1989D61B-8812-4658-AF04-1D87BCBE1569}"
EndProject
Project("{FAE04EC0-301F-11D3-BF4B-00C04F79EFBC}") = "portfolioClient", "portfolioClient\portfolioClient.csproj", "{0F550CFD-334B-4DDB-A194-2483D8014B79}"
EndProject
Global
	GlobalSection(SolutionConfigurationPlatforms) = preSolution
		Debug|Any CPU = Debug|Any CPU
		Release|Any CPU = Release|Any CPU
	EndGlobalSection
	GlobalSection(ProjectConfigurationPlatforms) = postSolution
		{1989D61B-8812-4658-AF04-1D87BCBE1569}.Debug|Any CPU.ActiveCfg = Debug|Any CPU
		{1989D61B-8812-4658-AF04-1D87BCBE1569}.Debug|Any CPU.Build.0 = Debug|Any CPU
		{1989D61B-8812-4658-AF04-1D87BCBE1569}.Release|Any CPU.ActiveCfg = Release|Any CPU
		{1989D61B-8812-4658-AF04-1D87BCBE1569}.Release|Any CPU.Build.0 = Release|Any CPU
		{0F550CFD-334B-4DDB-A194-2483D8014B79}.Debug|Any CPU.ActiveCfg = Debug|Any CPU
		{0F550CFD-334B-4DDB-A194-2483D8014B79}.Debug|Any CPU.Build.0 = Debug|Any CPU
		{0F550CFD-334B-4DDB-A194-2483D8014B79}.Release|Any CPU.ActiveCfg = Release|Any CPU
		{0F550CFD-334B-4DDB-A194-2483D8014B79}.Release|Any CPU.Build.0 = Release|Any CPU
	EndGlobalSection
	GlobalSection(SolutionProperties) = preSolution
		HideSolutionNode = FALSE
	EndGlobalSection
	GlobalSection(ExtensibilityGlobals) = postSolution
		SolutionGuid = {D73E5E4E-950E-4EB2-BC09-E3DF5CC66ED2}
	EndGlobalSection
EndGlobal
